// !$*UTF8*$!
{
	archiveVersion = 1;
	classes = {
	};
	objectVersion = 55;
	objects = {

/* Begin PBXBuildFile section */
		1F1DF8BD296EF66700321016 /* TestFieldValidator.swift in Sources */ = {isa = PBXBuildFile; fileRef = 1F1DF8BC296EF66700321016 /* TestFieldValidator.swift */; };
		1F1DF8C4296EFFDB00321016 /* FieldValidator.swift in Sources */ = {isa = PBXBuildFile; fileRef = 1F1DF8C3296EFFDB00321016 /* FieldValidator.swift */; };
		1F3121DB2955B5C1007B8BDD /* Util.swift in Sources */ = {isa = PBXBuildFile; fileRef = 1F3121DA2955B5C1007B8BDD /* Util.swift */; };
		1F54828A29939B980075EB92 /* TestLoginPresenter.swift in Sources */ = {isa = PBXBuildFile; fileRef = 1F54828929939B980075EB92 /* TestLoginPresenter.swift */; };
		1F6579DE295AF253008BA724 /* Task.swift in Sources */ = {isa = PBXBuildFile; fileRef = 1F6579DD295AF253008BA724 /* Task.swift */; };
		1F6579E4295B1C64008BA724 /* TaskCell.swift in Sources */ = {isa = PBXBuildFile; fileRef = 1F6579E3295B1C64008BA724 /* TaskCell.swift */; };
		1F77F651296C2E5600CD5791 /* DetailTaskPresenter.swift in Sources */ = {isa = PBXBuildFile; fileRef = 1F77F650296C2E5600CD5791 /* DetailTaskPresenter.swift */; };
		1F77F654296C2ED600CD5791 /* DetailTaskController.swift in Sources */ = {isa = PBXBuildFile; fileRef = 1F77F652296C2ED600CD5791 /* DetailTaskController.swift */; };
		1F8714BC29928B66006DE042 /* TestRouter.swift in Sources */ = {isa = PBXBuildFile; fileRef = 1F8714BB29928B66006DE042 /* TestRouter.swift */; };
		1F8714BE2992995C006DE042 /* TestMainPresenter.swift in Sources */ = {isa = PBXBuildFile; fileRef = 1F8714BD2992995C006DE042 /* TestMainPresenter.swift */; };
		1FC46D2F2955D1A300B975EC /* APIManager.swift in Sources */ = {isa = PBXBuildFile; fileRef = 1FC46D2E2955D1A300B975EC /* APIManager.swift */; };
		1FD995C72959A15D002ABBDF /* GoogleService-Info.plist in Resources */ = {isa = PBXBuildFile; fileRef = 1FD995C62959A15D002ABBDF /* GoogleService-Info.plist */; };
		1FD995CA2959A3E3002ABBDF /* FirebaseAnalytics in Frameworks */ = {isa = PBXBuildFile; productRef = 1FD995C92959A3E3002ABBDF /* FirebaseAnalytics */; };
		1FD995CC2959A3E3002ABBDF /* FirebaseAuth in Frameworks */ = {isa = PBXBuildFile; productRef = 1FD995CB2959A3E3002ABBDF /* FirebaseAuth */; };
		1FD995CE2959A3E3002ABBDF /* FirebaseDatabase in Frameworks */ = {isa = PBXBuildFile; productRef = 1FD995CD2959A3E3002ABBDF /* FirebaseDatabase */; };
		1FD995D02959A3E3002ABBDF /* FirebaseFirestore in Frameworks */ = {isa = PBXBuildFile; productRef = 1FD995CF2959A3E3002ABBDF /* FirebaseFirestore */; };
		1FD995D22959A3E3002ABBDF /* FirebaseStorage in Frameworks */ = {isa = PBXBuildFile; productRef = 1FD995D12959A3E3002ABBDF /* FirebaseStorage */; };
		1FD995DA2959BA2A002ABBDF /* ViewController.swift in Sources */ = {isa = PBXBuildFile; fileRef = 1FD995D82959BA2A002ABBDF /* ViewController.swift */; };
		1FD995E82959D1E1002ABBDF /* UserDefaultsManager.swift in Sources */ = {isa = PBXBuildFile; fileRef = 1FD995E72959D1E1002ABBDF /* UserDefaultsManager.swift */; };
		1FD995EE2959D299002ABBDF /* RouterProtocol.swift in Sources */ = {isa = PBXBuildFile; fileRef = 1FD995EC2959D298002ABBDF /* RouterProtocol.swift */; };
		1FD995EF2959D299002ABBDF /* Router.swift in Sources */ = {isa = PBXBuildFile; fileRef = 1FD995ED2959D298002ABBDF /* Router.swift */; };
		1FD995F42959D2E3002ABBDF /* AssemblyModuleBuilder.swift in Sources */ = {isa = PBXBuildFile; fileRef = 1FD995F22959D2E3002ABBDF /* AssemblyModuleBuilder.swift */; };
		1FD995F92959D42E002ABBDF /* MainPresenter.swift in Sources */ = {isa = PBXBuildFile; fileRef = 1FD995F82959D42E002ABBDF /* MainPresenter.swift */; };
		1FD996012959DD94002ABBDF /* Login.swift in Sources */ = {isa = PBXBuildFile; fileRef = 1FD995FF2959DD94002ABBDF /* Login.swift */; };
		1FD996022959DD94002ABBDF /* Login.xib in Resources */ = {isa = PBXBuildFile; fileRef = 1FD996002959DD94002ABBDF /* Login.xib */; };
		1FD996062959DF16002ABBDF /* LoginPresenter.swift in Sources */ = {isa = PBXBuildFile; fileRef = 1FD996052959DF16002ABBDF /* LoginPresenter.swift */; };
		1FD996092959EC7A002ABBDF /* MainViewController2.swift in Sources */ = {isa = PBXBuildFile; fileRef = 1FD996072959EC7A002ABBDF /* MainViewController2.swift */; };
		1FD9960A2959EC7A002ABBDF /* MainViewController2.xib in Resources */ = {isa = PBXBuildFile; fileRef = 1FD996082959EC7A002ABBDF /* MainViewController2.xib */; };
		1FD9960D2959EFA7002ABBDF /* SignIn.swift in Sources */ = {isa = PBXBuildFile; fileRef = 1FD9960B2959EFA7002ABBDF /* SignIn.swift */; };
		1FD9960E2959EFA7002ABBDF /* SignIn.xib in Resources */ = {isa = PBXBuildFile; fileRef = 1FD9960C2959EFA7002ABBDF /* SignIn.xib */; };
		1FDDDE4929559934003821EF /* AppDelegate.swift in Sources */ = {isa = PBXBuildFile; fileRef = 1FDDDE4829559934003821EF /* AppDelegate.swift */; };
		1FDDDE4B29559934003821EF /* SceneDelegate.swift in Sources */ = {isa = PBXBuildFile; fileRef = 1FDDDE4A29559934003821EF /* SceneDelegate.swift */; };
		1FDDDE5029559934003821EF /* Main.storyboard in Resources */ = {isa = PBXBuildFile; fileRef = 1FDDDE4E29559934003821EF /* Main.storyboard */; };
		1FDDDE5229559938003821EF /* Assets.xcassets in Resources */ = {isa = PBXBuildFile; fileRef = 1FDDDE5129559938003821EF /* Assets.xcassets */; };
		1FDDDE5529559938003821EF /* LaunchScreen.storyboard in Resources */ = {isa = PBXBuildFile; fileRef = 1FDDDE5329559938003821EF /* LaunchScreen.storyboard */; };
/* End PBXBuildFile section */

/* Begin PBXContainerItemProxy section */
		1F1DF8BE296EF66700321016 /* PBXContainerItemProxy */ = {
			isa = PBXContainerItemProxy;
			containerPortal = 1FDDDE3D29559934003821EF /* Project object */;
			proxyType = 1;
			remoteGlobalIDString = 1FDDDE4429559934003821EF;
			remoteInfo = FirebaseAuthentication;
		};
/* End PBXContainerItemProxy section */

/* Begin PBXFileReference section */
		1F1DF8BA296EF66700321016 /* FirebaseAuthenticationTests.xctest */ = {isa = PBXFileReference; explicitFileType = wrapper.cfbundle; includeInIndex = 0; path = FirebaseAuthenticationTests.xctest; sourceTree = BUILT_PRODUCTS_DIR; };
		1F1DF8BC296EF66700321016 /* TestFieldValidator.swift */ = {isa = PBXFileReference; lastKnownFileType = sourcecode.swift; path = TestFieldValidator.swift; sourceTree = "<group>"; };
		1F1DF8C3296EFFDB00321016 /* FieldValidator.swift */ = {isa = PBXFileReference; lastKnownFileType = sourcecode.swift; path = FieldValidator.swift; sourceTree = "<group>"; };
		1F3121DA2955B5C1007B8BDD /* Util.swift */ = {isa = PBXFileReference; lastKnownFileType = sourcecode.swift; path = Util.swift; sourceTree = "<group>"; };
		1F54828929939B980075EB92 /* TestLoginPresenter.swift */ = {isa = PBXFileReference; lastKnownFileType = sourcecode.swift; path = TestLoginPresenter.swift; sourceTree = "<group>"; };
		1F6579DD295AF253008BA724 /* Task.swift */ = {isa = PBXFileReference; lastKnownFileType = sourcecode.swift; path = Task.swift; sourceTree = "<group>"; };
		1F6579E3295B1C64008BA724 /* TaskCell.swift */ = {isa = PBXFileReference; lastKnownFileType = sourcecode.swift; path = TaskCell.swift; sourceTree = "<group>"; };
		1F77F650296C2E5600CD5791 /* DetailTaskPresenter.swift */ = {isa = PBXFileReference; lastKnownFileType = sourcecode.swift; path = DetailTaskPresenter.swift; sourceTree = "<group>"; };
		1F77F652296C2ED600CD5791 /* DetailTaskController.swift */ = {isa = PBXFileReference; lastKnownFileType = sourcecode.swift; path = DetailTaskController.swift; sourceTree = "<group>"; };
		1F8714BB29928B66006DE042 /* TestRouter.swift */ = {isa = PBXFileReference; lastKnownFileType = sourcecode.swift; path = TestRouter.swift; sourceTree = "<group>"; };
		1F8714BD2992995C006DE042 /* TestMainPresenter.swift */ = {isa = PBXFileReference; lastKnownFileType = sourcecode.swift; path = TestMainPresenter.swift; sourceTree = "<group>"; };
		1FC46D2E2955D1A300B975EC /* APIManager.swift */ = {isa = PBXFileReference; lastKnownFileType = sourcecode.swift; path = APIManager.swift; sourceTree = "<group>"; };
		1FD995C62959A15D002ABBDF /* GoogleService-Info.plist */ = {isa = PBXFileReference; fileEncoding = 4; lastKnownFileType = text.plist.xml; name = "GoogleService-Info.plist"; path = "../../../../Downloads/GoogleService-Info.plist"; sourceTree = "<group>"; };
		1FD995D82959BA2A002ABBDF /* ViewController.swift */ = {isa = PBXFileReference; lastKnownFileType = sourcecode.swift; path = ViewController.swift; sourceTree = "<group>"; };
		1FD995E72959D1E1002ABBDF /* UserDefaultsManager.swift */ = {isa = PBXFileReference; fileEncoding = 4; lastKnownFileType = sourcecode.swift; path = UserDefaultsManager.swift; sourceTree = "<group>"; };
		1FD995EC2959D298002ABBDF /* RouterProtocol.swift */ = {isa = PBXFileReference; fileEncoding = 4; lastKnownFileType = sourcecode.swift; path = RouterProtocol.swift; sourceTree = "<group>"; };
		1FD995ED2959D298002ABBDF /* Router.swift */ = {isa = PBXFileReference; fileEncoding = 4; lastKnownFileType = sourcecode.swift; path = Router.swift; sourceTree = "<group>"; };
		1FD995F22959D2E3002ABBDF /* AssemblyModuleBuilder.swift */ = {isa = PBXFileReference; fileEncoding = 4; lastKnownFileType = sourcecode.swift; path = AssemblyModuleBuilder.swift; sourceTree = "<group>"; };
		1FD995F82959D42E002ABBDF /* MainPresenter.swift */ = {isa = PBXFileReference; lastKnownFileType = sourcecode.swift; path = MainPresenter.swift; sourceTree = "<group>"; };
		1FD995FF2959DD94002ABBDF /* Login.swift */ = {isa = PBXFileReference; lastKnownFileType = sourcecode.swift; path = Login.swift; sourceTree = "<group>"; };
		1FD996002959DD94002ABBDF /* Login.xib */ = {isa = PBXFileReference; lastKnownFileType = file.xib; path = Login.xib; sourceTree = "<group>"; };
		1FD996052959DF16002ABBDF /* LoginPresenter.swift */ = {isa = PBXFileReference; lastKnownFileType = sourcecode.swift; path = LoginPresenter.swift; sourceTree = "<group>"; };
		1FD996072959EC7A002ABBDF /* MainViewController2.swift */ = {isa = PBXFileReference; lastKnownFileType = sourcecode.swift; path = MainViewController2.swift; sourceTree = "<group>"; };
		1FD996082959EC7A002ABBDF /* MainViewController2.xib */ = {isa = PBXFileReference; lastKnownFileType = file.xib; path = MainViewController2.xib; sourceTree = "<group>"; };
		1FD9960B2959EFA7002ABBDF /* SignIn.swift */ = {isa = PBXFileReference; lastKnownFileType = sourcecode.swift; path = SignIn.swift; sourceTree = "<group>"; };
		1FD9960C2959EFA7002ABBDF /* SignIn.xib */ = {isa = PBXFileReference; lastKnownFileType = file.xib; path = SignIn.xib; sourceTree = "<group>"; };
		1FDDDE4529559934003821EF /* FirebaseAuthentication.app */ = {isa = PBXFileReference; explicitFileType = wrapper.application; includeInIndex = 0; path = FirebaseAuthentication.app; sourceTree = BUILT_PRODUCTS_DIR; };
		1FDDDE4829559934003821EF /* AppDelegate.swift */ = {isa = PBXFileReference; lastKnownFileType = sourcecode.swift; path = AppDelegate.swift; sourceTree = "<group>"; };
		1FDDDE4A29559934003821EF /* SceneDelegate.swift */ = {isa = PBXFileReference; lastKnownFileType = sourcecode.swift; path = SceneDelegate.swift; sourceTree = "<group>"; };
		1FDDDE4F29559934003821EF /* Base */ = {isa = PBXFileReference; lastKnownFileType = file.storyboard; name = Base; path = Base.lproj/Main.storyboard; sourceTree = "<group>"; };
		1FDDDE5129559938003821EF /* Assets.xcassets */ = {isa = PBXFileReference; lastKnownFileType = folder.assetcatalog; path = Assets.xcassets; sourceTree = "<group>"; };
		1FDDDE5429559938003821EF /* Base */ = {isa = PBXFileReference; lastKnownFileType = file.storyboard; name = Base; path = Base.lproj/LaunchScreen.storyboard; sourceTree = "<group>"; };
		1FDDDE5629559938003821EF /* Info.plist */ = {isa = PBXFileReference; lastKnownFileType = text.plist.xml; path = Info.plist; sourceTree = "<group>"; };
/* End PBXFileReference section */

/* Begin PBXFrameworksBuildPhase section */
		1F1DF8B7296EF66700321016 /* Frameworks */ = {
			isa = PBXFrameworksBuildPhase;
			buildActionMask = 2147483647;
			files = (
			);
			runOnlyForDeploymentPostprocessing = 0;
		};
		1FDDDE4229559934003821EF /* Frameworks */ = {
			isa = PBXFrameworksBuildPhase;
			buildActionMask = 2147483647;
			files = (
				1FD995CE2959A3E3002ABBDF /* FirebaseDatabase in Frameworks */,
				1FD995D02959A3E3002ABBDF /* FirebaseFirestore in Frameworks */,
				1FD995CA2959A3E3002ABBDF /* FirebaseAnalytics in Frameworks */,
				1FD995D22959A3E3002ABBDF /* FirebaseStorage in Frameworks */,
				1FD995CC2959A3E3002ABBDF /* FirebaseAuth in Frameworks */,
			);
			runOnlyForDeploymentPostprocessing = 0;
		};
/* End PBXFrameworksBuildPhase section */

/* Begin PBXGroup section */
		1F1DF8BB296EF66700321016 /* FirebaseAuthenticationTests */ = {
			isa = PBXGroup;
			children = (
				1F1DF8BC296EF66700321016 /* TestFieldValidator.swift */,
				1F8714BB29928B66006DE042 /* TestRouter.swift */,
				1F8714BD2992995C006DE042 /* TestMainPresenter.swift */,
				1F54828929939B980075EB92 /* TestLoginPresenter.swift */,
			);
			path = FirebaseAuthenticationTests;
			sourceTree = "<group>";
		};
		1F77F64A296C083100CD5791 /* Router */ = {
			isa = PBXGroup;
			children = (
				1FD995EC2959D298002ABBDF /* RouterProtocol.swift */,
				1FD995ED2959D298002ABBDF /* Router.swift */,
			);
			path = Router;
			sourceTree = "<group>";
		};
		1F77F64B296C085D00CD5791 /* Assembly */ = {
			isa = PBXGroup;
			children = (
				1FD995F22959D2E3002ABBDF /* AssemblyModuleBuilder.swift */,
			);
			path = Assembly;
			sourceTree = "<group>";
		};
		1F77F64C296C088900CD5791 /* MainModule */ = {
			isa = PBXGroup;
			children = (
				1FD995F82959D42E002ABBDF /* MainPresenter.swift */,
				1FD996072959EC7A002ABBDF /* MainViewController2.swift */,
				1FD996082959EC7A002ABBDF /* MainViewController2.xib */,
				1F6579E3295B1C64008BA724 /* TaskCell.swift */,
				1F6579DD295AF253008BA724 /* Task.swift */,
			);
			path = MainModule;
			sourceTree = "<group>";
		};
		1F77F64D296C08FD00CD5791 /* LoginModule */ = {
			isa = PBXGroup;
			children = (
				1FD996052959DF16002ABBDF /* LoginPresenter.swift */,
				1FD995FF2959DD94002ABBDF /* Login.swift */,
				1FD996002959DD94002ABBDF /* Login.xib */,
				1FD9960B2959EFA7002ABBDF /* SignIn.swift */,
				1FD9960C2959EFA7002ABBDF /* SignIn.xib */,
			);
			path = LoginModule;
			sourceTree = "<group>";
		};
		1F77F64E296C092C00CD5791 /* Service */ = {
			isa = PBXGroup;
			children = (
				1FC46D2E2955D1A300B975EC /* APIManager.swift */,
				1FD995E72959D1E1002ABBDF /* UserDefaultsManager.swift */,
				1F3121DA2955B5C1007B8BDD /* Util.swift */,
				1F1DF8C3296EFFDB00321016 /* FieldValidator.swift */,
			);
			path = Service;
			sourceTree = "<group>";
		};
		1F77F64F296C2E2100CD5791 /* DetailModule */ = {
			isa = PBXGroup;
			children = (
				1F77F650296C2E5600CD5791 /* DetailTaskPresenter.swift */,
				1F77F652296C2ED600CD5791 /* DetailTaskController.swift */,
			);
			path = DetailModule;
			sourceTree = "<group>";
		};
		1FDDDE3C29559934003821EF = {
			isa = PBXGroup;
			children = (
				1FDDDE4729559934003821EF /* FirebaseAuthentication */,
				1F1DF8BB296EF66700321016 /* FirebaseAuthenticationTests */,
				1FDDDE4629559934003821EF /* Products */,
			);
			sourceTree = "<group>";
		};
		1FDDDE4629559934003821EF /* Products */ = {
			isa = PBXGroup;
			children = (
				1FDDDE4529559934003821EF /* FirebaseAuthentication.app */,
				1F1DF8BA296EF66700321016 /* FirebaseAuthenticationTests.xctest */,
			);
			name = Products;
			sourceTree = "<group>";
		};
		1FDDDE4729559934003821EF /* FirebaseAuthentication */ = {
			isa = PBXGroup;
			children = (
				1FD995C62959A15D002ABBDF /* GoogleService-Info.plist */,
				1FDDDE5629559938003821EF /* Info.plist */,
				1FDDDE4829559934003821EF /* AppDelegate.swift */,
				1FDDDE4E29559934003821EF /* Main.storyboard */,
				1FDDDE5329559938003821EF /* LaunchScreen.storyboard */,
				1FDDDE4A29559934003821EF /* SceneDelegate.swift */,
				1FD995D82959BA2A002ABBDF /* ViewController.swift */,
				1FDDDE5129559938003821EF /* Assets.xcassets */,
				1F77F64B296C085D00CD5791 /* Assembly */,
				1F77F64F296C2E2100CD5791 /* DetailModule */,
				1F77F64D296C08FD00CD5791 /* LoginModule */,
				1F77F64C296C088900CD5791 /* MainModule */,
				1F77F64A296C083100CD5791 /* Router */,
				1F77F64E296C092C00CD5791 /* Service */,
			);
			path = FirebaseAuthentication;
			sourceTree = "<group>";
		};
/* End PBXGroup section */

/* Begin PBXNativeTarget section */
		1F1DF8B9296EF66700321016 /* FirebaseAuthenticationTests */ = {
			isa = PBXNativeTarget;
			buildConfigurationList = 1F1DF8C2296EF66700321016 /* Build configuration list for PBXNativeTarget "FirebaseAuthenticationTests" */;
			buildPhases = (
				1F1DF8B6296EF66700321016 /* Sources */,
				1F1DF8B7296EF66700321016 /* Frameworks */,
				1F1DF8B8296EF66700321016 /* Resources */,
			);
			buildRules = (
			);
			dependencies = (
				1F1DF8BF296EF66700321016 /* PBXTargetDependency */,
			);
			name = FirebaseAuthenticationTests;
			productName = FirebaseAuthenticationTests;
			productReference = 1F1DF8BA296EF66700321016 /* FirebaseAuthenticationTests.xctest */;
			productType = "com.apple.product-type.bundle.unit-test";
		};
		1FDDDE4429559934003821EF /* FirebaseAuthentication */ = {
			isa = PBXNativeTarget;
			buildConfigurationList = 1FDDDE5929559938003821EF /* Build configuration list for PBXNativeTarget "FirebaseAuthentication" */;
			buildPhases = (
				1FDDDE4129559934003821EF /* Sources */,
				1FDDDE4229559934003821EF /* Frameworks */,
				1FDDDE4329559934003821EF /* Resources */,
			);
			buildRules = (
			);
			dependencies = (
			);
			name = FirebaseAuthentication;
			packageProductDependencies = (
				1FD995C92959A3E3002ABBDF /* FirebaseAnalytics */,
				1FD995CB2959A3E3002ABBDF /* FirebaseAuth */,
				1FD995CD2959A3E3002ABBDF /* FirebaseDatabase */,
				1FD995CF2959A3E3002ABBDF /* FirebaseFirestore */,
				1FD995D12959A3E3002ABBDF /* FirebaseStorage */,
			);
			productName = FirebaseAuthentication;
			productReference = 1FDDDE4529559934003821EF /* FirebaseAuthentication.app */;
			productType = "com.apple.product-type.application";
		};
/* End PBXNativeTarget section */

/* Begin PBXProject section */
		1FDDDE3D29559934003821EF /* Project object */ = {
			isa = PBXProject;
			attributes = {
				BuildIndependentTargetsInParallel = 1;
				LastSwiftUpdateCheck = 1320;
				LastUpgradeCheck = 1320;
				TargetAttributes = {
					1F1DF8B9296EF66700321016 = {
						CreatedOnToolsVersion = 13.2.1;
						TestTargetID = 1FDDDE4429559934003821EF;
					};
					1FDDDE4429559934003821EF = {
						CreatedOnToolsVersion = 13.2.1;
					};
				};
			};
			buildConfigurationList = 1FDDDE4029559934003821EF /* Build configuration list for PBXProject "FirebaseAuthentication" */;
			compatibilityVersion = "Xcode 13.0";
			developmentRegion = en;
			hasScannedForEncodings = 0;
			knownRegions = (
				en,
				Base,
			);
			mainGroup = 1FDDDE3C29559934003821EF;
			packageReferences = (
				1FD995C82959A3E3002ABBDF /* XCRemoteSwiftPackageReference "firebase-ios-sdk" */,
			);
			productRefGroup = 1FDDDE4629559934003821EF /* Products */;
			projectDirPath = "";
			projectRoot = "";
			targets = (
				1FDDDE4429559934003821EF /* FirebaseAuthentication */,
				1F1DF8B9296EF66700321016 /* FirebaseAuthenticationTests */,
			);
		};
/* End PBXProject section */

/* Begin PBXResourcesBuildPhase section */
		1F1DF8B8296EF66700321016 /* Resources */ = {
			isa = PBXResourcesBuildPhase;
			buildActionMask = 2147483647;
			files = (
			);
			runOnlyForDeploymentPostprocessing = 0;
		};
		1FDDDE4329559934003821EF /* Resources */ = {
			isa = PBXResourcesBuildPhase;
			buildActionMask = 2147483647;
			files = (
				1FDDDE5529559938003821EF /* LaunchScreen.storyboard in Resources */,
				1FD995C72959A15D002ABBDF /* GoogleService-Info.plist in Resources */,
				1FD9960E2959EFA7002ABBDF /* SignIn.xib in Resources */,
				1FD9960A2959EC7A002ABBDF /* MainViewController2.xib in Resources */,
				1FDDDE5229559938003821EF /* Assets.xcassets in Resources */,
				1FDDDE5029559934003821EF /* Main.storyboard in Resources */,
				1FD996022959DD94002ABBDF /* Login.xib in Resources */,
			);
			runOnlyForDeploymentPostprocessing = 0;
		};
/* End PBXResourcesBuildPhase section */

/* Begin PBXSourcesBuildPhase section */
		1F1DF8B6296EF66700321016 /* Sources */ = {
			isa = PBXSourcesBuildPhase;
			buildActionMask = 2147483647;
			files = (
				1F54828A29939B980075EB92 /* TestLoginPresenter.swift in Sources */,
				1F1DF8BD296EF66700321016 /* TestFieldValidator.swift in Sources */,
				1F8714BC29928B66006DE042 /* TestRouter.swift in Sources */,
				1F8714BE2992995C006DE042 /* TestMainPresenter.swift in Sources */,
			);
			runOnlyForDeploymentPostprocessing = 0;
		};
		1FDDDE4129559934003821EF /* Sources */ = {
			isa = PBXSourcesBuildPhase;
			buildActionMask = 2147483647;
			files = (
				1FC46D2F2955D1A300B975EC /* APIManager.swift in Sources */,
				1FD995E82959D1E1002ABBDF /* UserDefaultsManager.swift in Sources */,
				1F1DF8C4296EFFDB00321016 /* FieldValidator.swift in Sources */,
				1F6579E4295B1C64008BA724 /* TaskCell.swift in Sources */,
				1FD995F42959D2E3002ABBDF /* AssemblyModuleBuilder.swift in Sources */,
				1FD9960D2959EFA7002ABBDF /* SignIn.swift in Sources */,
				1F77F654296C2ED600CD5791 /* DetailTaskController.swift in Sources */,
				1FD996062959DF16002ABBDF /* LoginPresenter.swift in Sources */,
				1FDDDE4929559934003821EF /* AppDelegate.swift in Sources */,
				1FD996092959EC7A002ABBDF /* MainViewController2.swift in Sources */,
				1F3121DB2955B5C1007B8BDD /* Util.swift in Sources */,
				1FD995EE2959D299002ABBDF /* RouterProtocol.swift in Sources */,
				1F77F651296C2E5600CD5791 /* DetailTaskPresenter.swift in Sources */,
				1FD996012959DD94002ABBDF /* Login.swift in Sources */,
				1FD995F92959D42E002ABBDF /* MainPresenter.swift in Sources */,
				1FD995EF2959D299002ABBDF /* Router.swift in Sources */,
				1FD995DA2959BA2A002ABBDF /* ViewController.swift in Sources */,
				1F6579DE295AF253008BA724 /* Task.swift in Sources */,
				1FDDDE4B29559934003821EF /* SceneDelegate.swift in Sources */,
			);
			runOnlyForDeploymentPostprocessing = 0;
		};
/* End PBXSourcesBuildPhase section */

/* Begin PBXTargetDependency section */
		1F1DF8BF296EF66700321016 /* PBXTargetDependency */ = {
			isa = PBXTargetDependency;
			target = 1FDDDE4429559934003821EF /* FirebaseAuthentication */;
			targetProxy = 1F1DF8BE296EF66700321016 /* PBXContainerItemProxy */;
		};
/* End PBXTargetDependency section */

/* Begin PBXVariantGroup section */
		1FDDDE4E29559934003821EF /* Main.storyboard */ = {
			isa = PBXVariantGroup;
			children = (
				1FDDDE4F29559934003821EF /* Base */,
			);
			name = Main.storyboard;
			sourceTree = "<group>";
		};
		1FDDDE5329559938003821EF /* LaunchScreen.storyboard */ = {
			isa = PBXVariantGroup;
			children = (
				1FDDDE5429559938003821EF /* Base */,
			);
			name = LaunchScreen.storyboard;
			sourceTree = "<group>";
		};
/* End PBXVariantGroup section */

/* Begin XCBuildConfiguration section */
		1F1DF8C0296EF66700321016 /* Debug */ = {
			isa = XCBuildConfiguration;
			buildSettings = {
				BUNDLE_LOADER = "$(TEST_HOST)";
				CODE_SIGN_STYLE = Automatic;
				CURRENT_PROJECT_VERSION = 1;
				DEVELOPMENT_TEAM = 674W6Y4JF9;
				GENERATE_INFOPLIST_FILE = YES;
				IPHONEOS_DEPLOYMENT_TARGET = 15.2;
				MARKETING_VERSION = 1.0;
				PRODUCT_BUNDLE_IDENTIFIER = com.raywenderlich.FirebaseAuthenticationTests;
				PRODUCT_NAME = "$(TARGET_NAME)";
				SWIFT_EMIT_LOC_STRINGS = NO;
				SWIFT_VERSION = 5.0;
				TARGETED_DEVICE_FAMILY = "1,2";
				TEST_HOST = "$(BUILT_PRODUCTS_DIR)/FirebaseAuthentication.app/FirebaseAuthentication";
			};
			name = Debug;
		};
		1F1DF8C1296EF66700321016 /* Release */ = {
			isa = XCBuildConfiguration;
			buildSettings = {
				BUNDLE_LOADER = "$(TEST_HOST)";
				CODE_SIGN_STYLE = Automatic;
				CURRENT_PROJECT_VERSION = 1;
				DEVELOPMENT_TEAM = 674W6Y4JF9;
				GENERATE_INFOPLIST_FILE = YES;
				IPHONEOS_DEPLOYMENT_TARGET = 15.2;
				MARKETING_VERSION = 1.0;
				PRODUCT_BUNDLE_IDENTIFIER = com.raywenderlich.FirebaseAuthenticationTests;
				PRODUCT_NAME = "$(TARGET_NAME)";
				SWIFT_EMIT_LOC_STRINGS = NO;
				SWIFT_VERSION = 5.0;
				TARGETED_DEVICE_FAMILY = "1,2";
				TEST_HOST = "$(BUILT_PRODUCTS_DIR)/FirebaseAuthentication.app/FirebaseAuthentication";
			};
			name = Release;
		};
		1FDDDE5729559938003821EF /* Debug */ = {
			isa = XCBuildConfiguration;
			buildSettings = {
				ALWAYS_SEARCH_USER_PATHS = NO;
				CLANG_ANALYZER_NONNULL = YES;
				CLANG_ANALYZER_NUMBER_OBJECT_CONVERSION = YES_AGGRESSIVE;
				CLANG_CXX_LANGUAGE_STANDARD = "gnu++17";
				CLANG_CXX_LIBRARY = "libc++";
				CLANG_ENABLE_MODULES = YES;
				CLANG_ENABLE_OBJC_ARC = YES;
				CLANG_ENABLE_OBJC_WEAK = YES;
				CLANG_WARN_BLOCK_CAPTURE_AUTORELEASING = YES;
				CLANG_WARN_BOOL_CONVERSION = YES;
				CLANG_WARN_COMMA = YES;
				CLANG_WARN_CONSTANT_CONVERSION = YES;
				CLANG_WARN_DEPRECATED_OBJC_IMPLEMENTATIONS = YES;
				CLANG_WARN_DIRECT_OBJC_ISA_USAGE = YES_ERROR;
				CLANG_WARN_DOCUMENTATION_COMMENTS = YES;
				CLANG_WARN_EMPTY_BODY = YES;
				CLANG_WARN_ENUM_CONVERSION = YES;
				CLANG_WARN_INFINITE_RECURSION = YES;
				CLANG_WARN_INT_CONVERSION = YES;
				CLANG_WARN_NON_LITERAL_NULL_CONVERSION = YES;
				CLANG_WARN_OBJC_IMPLICIT_RETAIN_SELF = YES;
				CLANG_WARN_OBJC_LITERAL_CONVERSION = YES;
				CLANG_WARN_OBJC_ROOT_CLASS = YES_ERROR;
				CLANG_WARN_QUOTED_INCLUDE_IN_FRAMEWORK_HEADER = YES;
				CLANG_WARN_RANGE_LOOP_ANALYSIS = YES;
				CLANG_WARN_STRICT_PROTOTYPES = YES;
				CLANG_WARN_SUSPICIOUS_MOVE = YES;
				CLANG_WARN_UNGUARDED_AVAILABILITY = YES_AGGRESSIVE;
				CLANG_WARN_UNREACHABLE_CODE = YES;
				CLANG_WARN__DUPLICATE_METHOD_MATCH = YES;
				COPY_PHASE_STRIP = NO;
				DEBUG_INFORMATION_FORMAT = dwarf;
				ENABLE_STRICT_OBJC_MSGSEND = YES;
				ENABLE_TESTABILITY = YES;
				GCC_C_LANGUAGE_STANDARD = gnu11;
				GCC_DYNAMIC_NO_PIC = NO;
				GCC_NO_COMMON_BLOCKS = YES;
				GCC_OPTIMIZATION_LEVEL = 0;
				GCC_PREPROCESSOR_DEFINITIONS = (
					"DEBUG=1",
					"$(inherited)",
				);
				GCC_WARN_64_TO_32_BIT_CONVERSION = YES;
				GCC_WARN_ABOUT_RETURN_TYPE = YES_ERROR;
				GCC_WARN_UNDECLARED_SELECTOR = YES;
				GCC_WARN_UNINITIALIZED_AUTOS = YES_AGGRESSIVE;
				GCC_WARN_UNUSED_FUNCTION = YES;
				GCC_WARN_UNUSED_VARIABLE = YES;
				IPHONEOS_DEPLOYMENT_TARGET = 14.7;
				MTL_ENABLE_DEBUG_INFO = INCLUDE_SOURCE;
				MTL_FAST_MATH = YES;
				ONLY_ACTIVE_ARCH = YES;
				SDKROOT = iphoneos;
				SWIFT_ACTIVE_COMPILATION_CONDITIONS = DEBUG;
				SWIFT_OPTIMIZATION_LEVEL = "-Onone";
			};
			name = Debug;
		};
		1FDDDE5829559938003821EF /* Release */ = {
			isa = XCBuildConfiguration;
			buildSettings = {
				ALWAYS_SEARCH_USER_PATHS = NO;
				CLANG_ANALYZER_NONNULL = YES;
				CLANG_ANALYZER_NUMBER_OBJECT_CONVERSION = YES_AGGRESSIVE;
				CLANG_CXX_LANGUAGE_STANDARD = "gnu++17";
				CLANG_CXX_LIBRARY = "libc++";
				CLANG_ENABLE_MODULES = YES;
				CLANG_ENABLE_OBJC_ARC = YES;
				CLANG_ENABLE_OBJC_WEAK = YES;
				CLANG_WARN_BLOCK_CAPTURE_AUTORELEASING = YES;
				CLANG_WARN_BOOL_CONVERSION = YES;
				CLANG_WARN_COMMA = YES;
				CLANG_WARN_CONSTANT_CONVERSION = YES;
				CLANG_WARN_DEPRECATED_OBJC_IMPLEMENTATIONS = YES;
				CLANG_WARN_DIRECT_OBJC_ISA_USAGE = YES_ERROR;
				CLANG_WARN_DOCUMENTATION_COMMENTS = YES;
				CLANG_WARN_EMPTY_BODY = YES;
				CLANG_WARN_ENUM_CONVERSION = YES;
				CLANG_WARN_INFINITE_RECURSION = YES;
				CLANG_WARN_INT_CONVERSION = YES;
				CLANG_WARN_NON_LITERAL_NULL_CONVERSION = YES;
				CLANG_WARN_OBJC_IMPLICIT_RETAIN_SELF = YES;
				CLANG_WARN_OBJC_LITERAL_CONVERSION = YES;
				CLANG_WARN_OBJC_ROOT_CLASS = YES_ERROR;
				CLANG_WARN_QUOTED_INCLUDE_IN_FRAMEWORK_HEADER = YES;
				CLANG_WARN_RANGE_LOOP_ANALYSIS = YES;
				CLANG_WARN_STRICT_PROTOTYPES = YES;
				CLANG_WARN_SUSPICIOUS_MOVE = YES;
				CLANG_WARN_UNGUARDED_AVAILABILITY = YES_AGGRESSIVE;
				CLANG_WARN_UNREACHABLE_CODE = YES;
				CLANG_WARN__DUPLICATE_METHOD_MATCH = YES;
				COPY_PHASE_STRIP = NO;
				DEBUG_INFORMATION_FORMAT = "dwarf-with-dsym";
				ENABLE_NS_ASSERTIONS = NO;
				ENABLE_STRICT_OBJC_MSGSEND = YES;
				GCC_C_LANGUAGE_STANDARD = gnu11;
				GCC_NO_COMMON_BLOCKS = YES;
				GCC_WARN_64_TO_32_BIT_CONVERSION = YES;
				GCC_WARN_ABOUT_RETURN_TYPE = YES_ERROR;
				GCC_WARN_UNDECLARED_SELECTOR = YES;
				GCC_WARN_UNINITIALIZED_AUTOS = YES_AGGRESSIVE;
				GCC_WARN_UNUSED_FUNCTION = YES;
				GCC_WARN_UNUSED_VARIABLE = YES;
				IPHONEOS_DEPLOYMENT_TARGET = 14.7;
				MTL_ENABLE_DEBUG_INFO = NO;
				MTL_FAST_MATH = YES;
				SDKROOT = iphoneos;
				SWIFT_COMPILATION_MODE = wholemodule;
				SWIFT_OPTIMIZATION_LEVEL = "-O";
				VALIDATE_PRODUCT = YES;
			};
			name = Release;
		};
		1FDDDE5A29559938003821EF /* Debug */ = {
			isa = XCBuildConfiguration;
			buildSettings = {
				ASSETCATALOG_COMPILER_APPICON_NAME = AppIcon;
				ASSETCATALOG_COMPILER_GLOBAL_ACCENT_COLOR_NAME = AccentColor;
				CODE_SIGN_STYLE = Automatic;
				CURRENT_PROJECT_VERSION = 1;
				DEVELOPMENT_TEAM = 674W6Y4JF9;
				GENERATE_INFOPLIST_FILE = YES;
				INFOPLIST_FILE = FirebaseAuthentication/Info.plist;
				INFOPLIST_KEY_UIApplicationSupportsIndirectInputEvents = YES;
				INFOPLIST_KEY_UILaunchStoryboardName = LaunchScreen;
				INFOPLIST_KEY_UIMainStoryboardFile = Main;
				INFOPLIST_KEY_UISupportedInterfaceOrientations_iPad = "UIInterfaceOrientationPortrait UIInterfaceOrientationPortraitUpsideDown UIInterfaceOrientationLandscapeLeft UIInterfaceOrientationLandscapeRight";
				INFOPLIST_KEY_UISupportedInterfaceOrientations_iPhone = "UIInterfaceOrientationPortrait UIInterfaceOrientationLandscapeLeft UIInterfaceOrientationLandscapeRight";
				IPHONEOS_DEPLOYMENT_TARGET = 14.7;
				LD_RUNPATH_SEARCH_PATHS = (
					"$(inherited)",
					"@executable_path/Frameworks",
				);
				MARKETING_VERSION = 1.0;
				PRODUCT_BUNDLE_IDENTIFIER = Alex.FirebaseAuthentication;
				PRODUCT_NAME = "$(TARGET_NAME)";
				SWIFT_EMIT_LOC_STRINGS = YES;
				SWIFT_VERSION = 5.0;
				TARGETED_DEVICE_FAMILY = "1,2";
			};
			name = Debug;
		};
		1FDDDE5B29559938003821EF /* Release */ = {
			isa = XCBuildConfiguration;
			buildSettings = {
				ASSETCATALOG_COMPILER_APPICON_NAME = AppIcon;
				ASSETCATALOG_COMPILER_GLOBAL_ACCENT_COLOR_NAME = AccentColor;
				CODE_SIGN_STYLE = Automatic;
				CURRENT_PROJECT_VERSION = 1;
				DEVELOPMENT_TEAM = 674W6Y4JF9;
				GENERATE_INFOPLIST_FILE = YES;
				INFOPLIST_FILE = FirebaseAuthentication/Info.plist;
				INFOPLIST_KEY_UIApplicationSupportsIndirectInputEvents = YES;
				INFOPLIST_KEY_UILaunchStoryboardName = LaunchScreen;
				INFOPLIST_KEY_UIMainStoryboardFile = Main;
				INFOPLIST_KEY_UISupportedInterfaceOrientations_iPad = "UIInterfaceOrientationPortrait UIInterfaceOrientationPortraitUpsideDown UIInterfaceOrientationLandscapeLeft UIInterfaceOrientationLandscapeRight";
				INFOPLIST_KEY_UISupportedInterfaceOrientations_iPhone = "UIInterfaceOrientationPortrait UIInterfaceOrientationLandscapeLeft UIInterfaceOrientationLandscapeRight";
				IPHONEOS_DEPLOYMENT_TARGET = 14.7;
				LD_RUNPATH_SEARCH_PATHS = (
					"$(inherited)",
					"@executable_path/Frameworks",
				);
				MARKETING_VERSION = 1.0;
				PRODUCT_BUNDLE_IDENTIFIER = Alex.FirebaseAuthentication;
				PRODUCT_NAME = "$(TARGET_NAME)";
				SWIFT_EMIT_LOC_STRINGS = YES;
				SWIFT_VERSION = 5.0;
				TARGETED_DEVICE_FAMILY = "1,2";
			};
			name = Release;
		};
/* End XCBuildConfiguration section */

/* Begin XCConfigurationList section */
		1F1DF8C2296EF66700321016 /* Build configuration list for PBXNativeTarget "FirebaseAuthenticationTests" */ = {
			isa = XCConfigurationList;
			buildConfigurations = (
				1F1DF8C0296EF66700321016 /* Debug */,
				1F1DF8C1296EF66700321016 /* Release */,
			);
			defaultConfigurationIsVisible = 0;
			defaultConfigurationName = Release;
		};
		1FDDDE4029559934003821EF /* Build configuration list for PBXProject "FirebaseAuthentication" */ = {
			isa = XCConfigurationList;
			buildConfigurations = (
				1FDDDE5729559938003821EF /* Debug */,
				1FDDDE5829559938003821EF /* Release */,
			);
			defaultConfigurationIsVisible = 0;
			defaultConfigurationName = Release;
		};
		1FDDDE5929559938003821EF /* Build configuration list for PBXNativeTarget "FirebaseAuthentication" */ = {
			isa = XCConfigurationList;
			buildConfigurations = (
				1FDDDE5A29559938003821EF /* Debug */,
				1FDDDE5B29559938003821EF /* Release */,
			);
			defaultConfigurationIsVisible = 0;
			defaultConfigurationName = Release;
		};
/* End XCConfigurationList section */

/* Begin XCRemoteSwiftPackageReference section */
		1FD995C82959A3E3002ABBDF /* XCRemoteSwiftPackageReference "firebase-ios-sdk" */ = {
			isa = XCRemoteSwiftPackageReference;
			repositoryURL = "https://github.com/firebase/firebase-ios-sdk";
			requirement = {
				kind = upToNextMajorVersion;
				minimumVersion = 9.0.0;
			};
		};
/* End XCRemoteSwiftPackageReference section */

/* Begin XCSwiftPackageProductDependency section */
		1FD995C92959A3E3002ABBDF /* FirebaseAnalytics */ = {
			isa = XCSwiftPackageProductDependency;
			package = 1FD995C82959A3E3002ABBDF /* XCRemoteSwiftPackageReference "firebase-ios-sdk" */;
			productName = FirebaseAnalytics;
		};
		1FD995CB2959A3E3002ABBDF /* FirebaseAuth */ = {
			isa = XCSwiftPackageProductDependency;
			package = 1FD995C82959A3E3002ABBDF /* XCRemoteSwiftPackageReference "firebase-ios-sdk" */;
			productName = FirebaseAuth;
		};
		1FD995CD2959A3E3002ABBDF /* FirebaseDatabase */ = {
			isa = XCSwiftPackageProductDependency;
			package = 1FD995C82959A3E3002ABBDF /* XCRemoteSwiftPackageReference "firebase-ios-sdk" */;
			productName = FirebaseDatabase;
		};
		1FD995CF2959A3E3002ABBDF /* FirebaseFirestore */ = {
			isa = XCSwiftPackageProductDependency;
			package = 1FD995C82959A3E3002ABBDF /* XCRemoteSwiftPackageReference "firebase-ios-sdk" */;
			productName = FirebaseFirestore;
		};
		1FD995D12959A3E3002ABBDF /* FirebaseStorage */ = {
			isa = XCSwiftPackageProductDependency;
			package = 1FD995C82959A3E3002ABBDF /* XCRemoteSwiftPackageReference "firebase-ios-sdk" */;
			productName = FirebaseStorage;
		};
/* End XCSwiftPackageProductDependency section */
	};
	rootObject = 1FDDDE3D29559934003821EF /* Project object */;
}
